
Microsoft Visual Studio Solution File, Format Version 12.00
# Visual Studio 15
VisualStudioVersion = 15.0.26730.12
MinimumVisualStudioVersion = 10.0.40219.1
Project("{FAE04EC0-301F-11D3-BF4B-00C04F79EFBC}") = "JiraOnPremiseAuthSample", "WebApplication3\JiraOnPremiseAuthSample.csproj", "{57EA8F94-524D-4651-99BD-8DFBA95C3FB1}"
EndProject
Global
	GlobalSection(SolutionConfigurationPlatforms) = preSolution
		Debug|Any CPU = Debug|Any CPU
		Release|Any CPU = Release|Any CPU
	EndGlobalSection
	GlobalSection(ProjectConfigurationPlatforms) = postSolution
		{57EA8F94-524D-4651-99BD-8DFBA95C3FB1}.Debug|Any CPU.ActiveCfg = Debug|Any CPU
		{57EA8F94-524D-4651-99BD-8DFBA95C3FB1}.Debug|Any CPU.Build.0 = Debug|Any CPU
		{57EA8F94-524D-4651-99BD-8DFBA95C3FB1}.Release|Any CPU.ActiveCfg = Release|Any CPU
		{57EA8F94-524D-4651-99BD-8DFBA95C3FB1}.Release|Any CPU.Build.0 = Release|Any CPU
	EndGlobalSection
	GlobalSection(SolutionProperties) = preSolution
		HideSolutionNode = FALSE
	EndGlobalSection
	GlobalSection(ExtensibilityGlobals) = postSolution
		SolutionGuid = {4770F1EB-F155-4BBE-9FA1-42C07807C83D}
	EndGlobalSection
EndGlobal
